
Microsoft Visual Studio Solution File, Format Version 12.00
Project("{FAE04EC0-301F-11D3-BF4B-00C04F79EFBC}") = "CursoOnline.DominioTest", "test\CursoOnline.DominioTest\CursoOnline.DominioTest.csproj", "{E76FC786-4E9D-4E6F-BDE0-D3E31AF6DD91}"
EndProject
Project("{FAE04EC0-301F-11D3-BF4B-00C04F79EFBC}") = "CursoOnline.Dominio", "src\CursoOnline.Dominio\CursoOnline.Dominio.csproj", "{CB1B24F0-3953-4EEF-84A3-735DAD384050}"
EndProject
Project("{FAE04EC0-301F-11D3-BF4B-00C04F79EFBC}") = "CursoOnline.Web", "src\CursoOnline.Web\CursoOnline.Web.csproj", "{7CB3A978-F7A7-4ECB-A586-D6F931420DF8}"
EndProject
Project("{FAE04EC0-301F-11D3-BF4B-00C04F79EFBC}") = "CursoOnline.Dados", "src\CursoOnline.Dados\CursoOnline.Dados.csproj", "{5C70E5DF-397E-4E1E-8E8E-5FE911D4F4F8}"
EndProject
Project("{FAE04EC0-301F-11D3-BF4B-00C04F79EFBC}") = "CursoOnline.Ioc", "CursoOnline.Ioc\CursoOnline.Ioc.csproj", "{CEE5C88E-FF13-4754-B7B4-213C328B3A61}"
EndProject
Project("{FAE04EC0-301F-11D3-BF4B-00C04F79EFBC}") = "Poker.Game", "Poker.Game\Poker.Game.csproj", "{F9007789-EEFC-4B38-B61C-DA25D5C5ED70}"
EndProject
Project("{FAE04EC0-301F-11D3-BF4B-00C04F79EFBC}") = "Poker.GameTest", "Poker.GameTest\Poker.GameTest.csproj", "{784A321C-AAC5-4067-A015-E5A724A96DDE}"
EndProject
Global
	GlobalSection(SolutionConfigurationPlatforms) = preSolution
		Debug|Any CPU = Debug|Any CPU
		Release|Any CPU = Release|Any CPU
	EndGlobalSection
	GlobalSection(ProjectConfigurationPlatforms) = postSolution
		{E76FC786-4E9D-4E6F-BDE0-D3E31AF6DD91}.Debug|Any CPU.ActiveCfg = Debug|Any CPU
		{E76FC786-4E9D-4E6F-BDE0-D3E31AF6DD91}.Debug|Any CPU.Build.0 = Debug|Any CPU
		{E76FC786-4E9D-4E6F-BDE0-D3E31AF6DD91}.Release|Any CPU.ActiveCfg = Release|Any CPU
		{E76FC786-4E9D-4E6F-BDE0-D3E31AF6DD91}.Release|Any CPU.Build.0 = Release|Any CPU
		{CB1B24F0-3953-4EEF-84A3-735DAD384050}.Debug|Any CPU.ActiveCfg = Debug|Any CPU
		{CB1B24F0-3953-4EEF-84A3-735DAD384050}.Debug|Any CPU.Build.0 = Debug|Any CPU
		{CB1B24F0-3953-4EEF-84A3-735DAD384050}.Release|Any CPU.ActiveCfg = Release|Any CPU
		{CB1B24F0-3953-4EEF-84A3-735DAD384050}.Release|Any CPU.Build.0 = Release|Any CPU
		{7CB3A978-F7A7-4ECB-A586-D6F931420DF8}.Debug|Any CPU.ActiveCfg = Debug|Any CPU
		{7CB3A978-F7A7-4ECB-A586-D6F931420DF8}.Debug|Any CPU.Build.0 = Debug|Any CPU
		{7CB3A978-F7A7-4ECB-A586-D6F931420DF8}.Release|Any CPU.ActiveCfg = Release|Any CPU
		{7CB3A978-F7A7-4ECB-A586-D6F931420DF8}.Release|Any CPU.Build.0 = Release|Any CPU
		{5C70E5DF-397E-4E1E-8E8E-5FE911D4F4F8}.Debug|Any CPU.ActiveCfg = Debug|Any CPU
		{5C70E5DF-397E-4E1E-8E8E-5FE911D4F4F8}.Debug|Any CPU.Build.0 = Debug|Any CPU
		{5C70E5DF-397E-4E1E-8E8E-5FE911D4F4F8}.Release|Any CPU.ActiveCfg = Release|Any CPU
		{5C70E5DF-397E-4E1E-8E8E-5FE911D4F4F8}.Release|Any CPU.Build.0 = Release|Any CPU
		{CEE5C88E-FF13-4754-B7B4-213C328B3A61}.Debug|Any CPU.ActiveCfg = Debug|Any CPU
		{CEE5C88E-FF13-4754-B7B4-213C328B3A61}.Debug|Any CPU.Build.0 = Debug|Any CPU
		{CEE5C88E-FF13-4754-B7B4-213C328B3A61}.Release|Any CPU.ActiveCfg = Release|Any CPU
		{CEE5C88E-FF13-4754-B7B4-213C328B3A61}.Release|Any CPU.Build.0 = Release|Any CPU
		{F9007789-EEFC-4B38-B61C-DA25D5C5ED70}.Debug|Any CPU.ActiveCfg = Debug|Any CPU
		{F9007789-EEFC-4B38-B61C-DA25D5C5ED70}.Debug|Any CPU.Build.0 = Debug|Any CPU
		{F9007789-EEFC-4B38-B61C-DA25D5C5ED70}.Release|Any CPU.ActiveCfg = Release|Any CPU
		{F9007789-EEFC-4B38-B61C-DA25D5C5ED70}.Release|Any CPU.Build.0 = Release|Any CPU
		{784A321C-AAC5-4067-A015-E5A724A96DDE}.Debug|Any CPU.ActiveCfg = Debug|Any CPU
		{784A321C-AAC5-4067-A015-E5A724A96DDE}.Debug|Any CPU.Build.0 = Debug|Any CPU
		{784A321C-AAC5-4067-A015-E5A724A96DDE}.Release|Any CPU.ActiveCfg = Release|Any CPU
		{784A321C-AAC5-4067-A015-E5A724A96DDE}.Release|Any CPU.Build.0 = Release|Any CPU
	EndGlobalSection
EndGlobal
